
Microsoft Visual Studio Solution File, Format Version 12.00
# Visual Studio Version 16
VisualStudioVersion = 16.0.30523.141
MinimumVisualStudioVersion = 10.0.40219.1
Project("{FAE04EC0-301F-11D3-BF4B-00C04F79EFBC}") = "Dirlea_Valentina_Lab10.Android", "Dirlea_Valentina_Lab10\Dirlea_Valentina_Lab10.Android\Dirlea_Valentina_Lab10.Android.csproj", "{FF0B3A58-1861-447E-A309-E0DD1A7BBBF8}"
EndProject
Project("{FAE04EC0-301F-11D3-BF4B-00C04F79EFBC}") = "Dirlea_Valentina_Lab10.iOS", "Dirlea_Valentina_Lab10\Dirlea_Valentina_Lab10.iOS\Dirlea_Valentina_Lab10.iOS.csproj", "{4C12E3CA-C94E-48E2-9208-BE302A270A42}"
EndProject
Project("{FAE04EC0-301F-11D3-BF4B-00C04F79EFBC}") = "Dirlea_Valentina_Lab10", "Dirlea_Valentina_Lab10\Dirlea_Valentina_Lab10\Dirlea_Valentina_Lab10.csproj", "{E532F734-B9AF-4541-AEB4-5F75A1910A4B}"
EndProject
Global
	GlobalSection(SolutionConfigurationPlatforms) = preSolution
		Debug|Any CPU = Debug|Any CPU
		Debug|iPhone = Debug|iPhone
		Debug|iPhoneSimulator = Debug|iPhoneSimulator
		Release|Any CPU = Release|Any CPU
		Release|iPhone = Release|iPhone
		Release|iPhoneSimulator = Release|iPhoneSimulator
	EndGlobalSection
	GlobalSection(ProjectConfigurationPlatforms) = postSolution
		{FF0B3A58-1861-447E-A309-E0DD1A7BBBF8}.Debug|Any CPU.ActiveCfg = Debug|Any CPU
		{FF0B3A58-1861-447E-A309-E0DD1A7BBBF8}.Debug|Any CPU.Build.0 = Debug|Any CPU
		{FF0B3A58-1861-447E-A309-E0DD1A7BBBF8}.Debug|Any CPU.Deploy.0 = Debug|Any CPU
		{FF0B3A58-1861-447E-A309-E0DD1A7BBBF8}.Debug|iPhone.ActiveCfg = Debug|Any CPU
		{FF0B3A58-1861-447E-A309-E0DD1A7BBBF8}.Debug|iPhone.Build.0 = Debug|Any CPU
		{FF0B3A58-1861-447E-A309-E0DD1A7BBBF8}.Debug|iPhone.Deploy.0 = Debug|Any CPU
		{FF0B3A58-1861-447E-A309-E0DD1A7BBBF8}.Debug|iPhoneSimulator.ActiveCfg = Debug|Any CPU
		{FF0B3A58-1861-447E-A309-E0DD1A7BBBF8}.Debug|iPhoneSimulator.Build.0 = Debug|Any CPU
		{FF0B3A58-1861-447E-A309-E0DD1A7BBBF8}.Debug|iPhoneSimulator.Deploy.0 = Debug|Any CPU
		{FF0B3A58-1861-447E-A309-E0DD1A7BBBF8}.Release|Any CPU.ActiveCfg = Release|Any CPU
		{FF0B3A58-1861-447E-A309-E0DD1A7BBBF8}.Release|Any CPU.Build.0 = Release|Any CPU
		{FF0B3A58-1861-447E-A309-E0DD1A7BBBF8}.Release|Any CPU.Deploy.0 = Release|Any CPU
		{FF0B3A58-1861-447E-A309-E0DD1A7BBBF8}.Release|iPhone.ActiveCfg = Release|Any CPU
		{FF0B3A58-1861-447E-A309-E0DD1A7BBBF8}.Release|iPhone.Build.0 = Release|Any CPU
		{FF0B3A58-1861-447E-A309-E0DD1A7BBBF8}.Release|iPhone.Deploy.0 = Release|Any CPU
		{FF0B3A58-1861-447E-A309-E0DD1A7BBBF8}.Release|iPhoneSimulator.ActiveCfg = Release|Any CPU
		{FF0B3A58-1861-447E-A309-E0DD1A7BBBF8}.Release|iPhoneSimulator.Build.0 = Release|Any CPU
		{FF0B3A58-1861-447E-A309-E0DD1A7BBBF8}.Release|iPhoneSimulator.Deploy.0 = Release|Any CPU
		{4C12E3CA-C94E-48E2-9208-BE302A270A42}.Debug|Any CPU.ActiveCfg = Debug|iPhone
		{4C12E3CA-C94E-48E2-9208-BE302A270A42}.Debug|Any CPU.Build.0 = Debug|iPhone
		{4C12E3CA-C94E-48E2-9208-BE302A270A42}.Debug|Any CPU.Deploy.0 = Debug|iPhone
		{4C12E3CA-C94E-48E2-9208-BE302A270A42}.Debug|iPhone.ActiveCfg = Debug|iPhone
		{4C12E3CA-C94E-48E2-9208-BE302A270A42}.Debug|iPhone.Build.0 = Debug|iPhone
		{4C12E3CA-C94E-48E2-9208-BE302A270A42}.Debug|iPhone.Deploy.0 = Debug|iPhone
		{4C12E3CA-C94E-48E2-9208-BE302A270A42}.Debug|iPhoneSimulator.ActiveCfg = Debug|iPhoneSimulator
		{4C12E3CA-C94E-48E2-9208-BE302A270A42}.Debug|iPhoneSimulator.Build.0 = Debug|iPhoneSimulator
		{4C12E3CA-C94E-48E2-9208-BE302A270A42}.Debug|iPhoneSimulator.Deploy.0 = Debug|iPhoneSimulator
		{4C12E3CA-C94E-48E2-9208-BE302A270A42}.Release|Any CPU.ActiveCfg = Release|iPhoneSimulator
		{4C12E3CA-C94E-48E2-9208-BE302A270A42}.Release|Any CPU.Build.0 = Release|iPhoneSimulator
		{4C12E3CA-C94E-48E2-9208-BE302A270A42}.Release|Any CPU.Deploy.0 = Release|iPhoneSimulator
		{4C12E3CA-C94E-48E2-9208-BE302A270A42}.Release|iPhone.ActiveCfg = Release|iPhone
		{4C12E3CA-C94E-48E2-9208-BE302A270A42}.Release|iPhone.Build.0 = Release|iPhone
		{4C12E3CA-C94E-48E2-9208-BE302A270A42}.Release|iPhone.Deploy.0 = Release|iPhone
		{4C12E3CA-C94E-48E2-9208-BE302A270A42}.Release|iPhoneSimulator.ActiveCfg = Release|iPhoneSimulator
		{4C12E3CA-C94E-48E2-9208-BE302A270A42}.Release|iPhoneSimulator.Build.0 = Release|iPhoneSimulator
		{4C12E3CA-C94E-48E2-9208-BE302A270A42}.Release|iPhoneSimulator.Deploy.0 = Release|iPhoneSimulator
		{E532F734-B9AF-4541-AEB4-5F75A1910A4B}.Debug|Any CPU.ActiveCfg = Debug|Any CPU
		{E532F734-B9AF-4541-AEB4-5F75A1910A4B}.Debug|Any CPU.Build.0 = Debug|Any CPU
		{E532F734-B9AF-4541-AEB4-5F75A1910A4B}.Debug|Any CPU.Deploy.0 = Debug|Any CPU
		{E532F734-B9AF-4541-AEB4-5F75A1910A4B}.Debug|iPhone.ActiveCfg = Debug|Any CPU
		{E532F734-B9AF-4541-AEB4-5F75A1910A4B}.Debug|iPhone.Build.0 = Debug|Any CPU
		{E532F734-B9AF-4541-AEB4-5F75A1910A4B}.Debug|iPhone.Deploy.0 = Debug|Any CPU
		{E532F734-B9AF-4541-AEB4-5F75A1910A4B}.Debug|iPhoneSimulator.ActiveCfg = Debug|Any CPU
		{E532F734-B9AF-4541-AEB4-5F75A1910A4B}.Debug|iPhoneSimulator.Build.0 = Debug|Any CPU
		{E532F734-B9AF-4541-AEB4-5F75A1910A4B}.Debug|iPhoneSimulator.Deploy.0 = Debug|Any CPU
		{E532F734-B9AF-4541-AEB4-5F75A1910A4B}.Release|Any CPU.ActiveCfg = Release|Any CPU
		{E532F734-B9AF-4541-AEB4-5F75A1910A4B}.Release|Any CPU.Build.0 = Release|Any CPU
		{E532F734-B9AF-4541-AEB4-5F75A1910A4B}.Release|Any CPU.Deploy.0 = Release|Any CPU
		{E532F734-B9AF-4541-AEB4-5F75A1910A4B}.Release|iPhone.ActiveCfg = Release|Any CPU
		{E532F734-B9AF-4541-AEB4-5F75A1910A4B}.Release|iPhone.Build.0 = Release|Any CPU
		{E532F734-B9AF-4541-AEB4-5F75A1910A4B}.Release|iPhone.Deploy.0 = Release|Any CPU
		{E532F734-B9AF-4541-AEB4-5F75A1910A4B}.Release|iPhoneSimulator.ActiveCfg = Release|Any CPU
		{E532F734-B9AF-4541-AEB4-5F75A1910A4B}.Release|iPhoneSimulator.Build.0 = Release|Any CPU
		{E532F734-B9AF-4541-AEB4-5F75A1910A4B}.Release|iPhoneSimulator.Deploy.0 = Release|Any CPU
	EndGlobalSection
	GlobalSection(SolutionProperties) = preSolution
		HideSolutionNode = FALSE
	EndGlobalSection
	GlobalSection(ExtensibilityGlobals) = postSolution
		SolutionGuid = {7A7E4B5A-9A10-4546-9CA4-1C71A6804290}
	EndGlobalSection
EndGlobal
